
Microsoft Visual Studio Solution File, Format Version 12.00
# Visual Studio Version 16
VisualStudioVersion = 16.0.29613.14
MinimumVisualStudioVersion = 10.0.40219.1
Project("{FAE04EC0-301F-11D3-BF4B-00C04F79EFBC}") = "LoaBarracks", "LoaBarracks\LoaBarracks.csproj", "{86141DB9-0FD1-4725-83B7-93B1C945B88A}"
EndProject
Project("{FAE04EC0-301F-11D3-BF4B-00C04F79EFBC}") = "LoaBarracks.Infra", "LoaBarracks.Infra\LoaBarracks.Infra.csproj", "{A7F0434D-FE02-42BC-91CD-CD5A3030FFBD}"
EndProject
Global
	GlobalSection(SolutionConfigurationPlatforms) = preSolution
		Debug|Any CPU = Debug|Any CPU
		Release|Any CPU = Release|Any CPU
	EndGlobalSection
	GlobalSection(ProjectConfigurationPlatforms) = postSolution
		{86141DB9-0FD1-4725-83B7-93B1C945B88A}.Debug|Any CPU.ActiveCfg = Debug|Any CPU
		{86141DB9-0FD1-4725-83B7-93B1C945B88A}.Debug|Any CPU.Build.0 = Debug|Any CPU
		{86141DB9-0FD1-4725-83B7-93B1C945B88A}.Release|Any CPU.ActiveCfg = Release|Any CPU
		{86141DB9-0FD1-4725-83B7-93B1C945B88A}.Release|Any CPU.Build.0 = Release|Any CPU
		{A7F0434D-FE02-42BC-91CD-CD5A3030FFBD}.Debug|Any CPU.ActiveCfg = Debug|Any CPU
		{A7F0434D-FE02-42BC-91CD-CD5A3030FFBD}.Debug|Any CPU.Build.0 = Debug|Any CPU
		{A7F0434D-FE02-42BC-91CD-CD5A3030FFBD}.Release|Any CPU.ActiveCfg = Release|Any CPU
		{A7F0434D-FE02-42BC-91CD-CD5A3030FFBD}.Release|Any CPU.Build.0 = Release|Any CPU
	EndGlobalSection
	GlobalSection(SolutionProperties) = preSolution
		HideSolutionNode = FALSE
	EndGlobalSection
	GlobalSection(ExtensibilityGlobals) = postSolution
		SolutionGuid = {58D9C474-2D30-4C81-AEAE-CC3762F71F8B}
	EndGlobalSection
EndGlobal
